<?xml version="1.0" encoding="utf-8"?>
<Project ToolsVersion="4.0" xmlns="http://schemas.microsoft.com/developer/msbuild/2003">
  <ItemGroup>
    <Filter Include="Source">
      <UniqueIdentifier>{4FC737F1-C7A5-4376-A066-2A32D752A2FF}</UniqueIdentifier>
      <Extensions>cpp;c;cc;cxx;def;odl;idl;hpj;bat;asm;asmx</Extensions>
    </Filter>
    <Filter Include="Include">
      <UniqueIdentifier>{93995380-89BD-4b04-88EB-625FBE52EBFB}</UniqueIdentifier>
      <Extensions>h;hh;hpp;hxx;hm;inl;inc;xsd</Extensions>
    </Filter>
    <Filter Include="ThirdParty">
      <UniqueIdentifier>{34d716bc-b12b-4a96-b0d7-f3401b7cab9d}</UniqueIdentifier>
    </Filter>
    <Filter Include="ThirdParty\Include">
      <UniqueIdentifier>{38c46d0c-827e-4d38-9d89-d64359942346}</UniqueIdentifier>
    </Filter>
    <Filter Include="ThirdParty\Source">
      <UniqueIdentifier>{d8c1942a-79d8-413b-96d0-999383c1a950}</UniqueIdentifier>
    </Filter>
    <Filter Include="Include\OpenGL">
      <UniqueIdentifier>{457c7b67-50c1-4d4d-944e-41278510dc84}</UniqueIdentifier>
    </Filter>
    <Filter Include="Source\OpenGL">
      <UniqueIdentifier>{26ea924f-f83f-4dba-9a1b-8d4a030f30e1}</UniqueIdentifier>
    </Filter>
    <!--<Filter Include="Resource Files">
      <UniqueIdentifier>{67DA6AB6-F800-4c08-8B7A-83BB121AAD01}</UniqueIdentifier>
      <Extensions>rc;ico;cur;bmp;dlg;rc2;rct;bin;rgs;gif;jpg;jpeg;jpe;resx;tiff;tif;png;wav;mfcribbon-ms</Extensions>
    </Filter>-->
  </ItemGroup>
  <ItemGroup>
    <ClCompile Include="Source\RenderWindow.cpp">
      <Filter>Source</Filter>
    </ClCompile>
    <ClCompile Include="Source\Main.cpp">
      <Filter>Source</Filter>
    </ClCompile>
    <ClCompile Include="Source\GemApp.cpp">
      <Filter>Source</Filter>
    </ClCompile>
    <ClCompile Include="Source\AppLog.cpp">
      <Filter>Source</Filter>
    </ClCompile>
    <ClCompile Include="Source\GemSoundStream.cpp">
      <Filter>Source</Filter>
    </ClCompile>
    <ClCompile Include="Source\FontGlyphCache.cpp">
      <Filter>Source</Filter>
    </ClCompile>
    <ClCompile Include="Source\GemConfig.cpp">
      <Filter>Source</Filter>
    </ClCompile>
    <ClCompile Include="..\thirdparty\imgui\Source\imgui.cpp">
      <Filter>ThirdParty\Source</Filter>
    </ClCompile>
    <ClCompile Include="..\thirdparty\imgui\Source\imgui_demo.cpp">
      <Filter>ThirdParty\Source</Filter>
    </ClCompile>
    <ClCompile Include="..\thirdparty\imgui\Source\imgui_draw.cpp">
      <Filter>ThirdParty\Source</Filter>
    </ClCompile>
    <ClCompile Include="..\thirdparty\imgui\Source\imgui_impl_opengl3.cpp">
      <Filter>ThirdParty\Source</Filter>
    </ClCompile>
    <ClCompile Include="..\thirdparty\imgui\Source\imgui_impl_sdl.cpp">
      <Filter>ThirdParty\Source</Filter>
    </ClCompile>
    <ClCompile Include="..\thirdparty\imgui\Source\imgui_tables.cpp">
      <Filter>ThirdParty\Source</Filter>
    </ClCompile>
    <ClCompile Include="..\thirdparty\imgui\Source\imgui_widgets.cpp">
      <Filter>ThirdParty\Source</Filter>
    </ClCompile>
    <ClCompile Include="Source\GemDebugger.cpp">
      <Filter>Source</Filter>
    </ClCompile>
    <ClCompile Include="..\thirdparty\opengl\glad.c">
      <Filter>ThirdParty\Source</Filter>
    </ClCompile>
    <ClCompile Include="Source\MsgPad.cpp">
      <Filter>Source</Filter>
    </ClCompile>
    <ClCompile Include="Source\OpenGL\Common.cpp">
      <Filter>Source\OpenGL</Filter>
    </ClCompile>
    <ClCompile Include="Source\OpenGL\PixelUploader.cpp">
      <Filter>Source\OpenGL</Filter>
    </ClCompile>
    <ClCompile Include="Source\GemConsole.cpp">
      <Filter>Source</Filter>
    </ClCompile>
    <ClCompile Include="Source\Util.cpp">
      <Filter>Source</Filter>
    </ClCompile>
  </ItemGroup>
  <ItemGroup>
    <ClInclude Include="Include\RenderWindow.h">
      <Filter>Include</Filter>
    </ClInclude>
    <ClInclude Include="Include\GemApp.h">
      <Filter>Include</Filter>
    </ClInclude>
    <ClInclude Include="Include\AppLog.h">
      <Filter>Include</Filter>
    </ClInclude>
    <ClInclude Include="Include\GemSoundStream.h">
      <Filter>Include</Filter>
    </ClInclude>
    <ClInclude Include="resource.h" />
    <ClInclude Include="Include\FontGlyphCache.h">
      <Filter>Include</Filter>
    </ClInclude>
    <ClInclude Include="Include\GemConfig.h">
      <Filter>Include</Filter>
    </ClInclude>
    <ClInclude Include="Include\GemDebugger.h">
      <Filter>Include</Filter>
    </ClInclude>
    <ClInclude Include="..\thirdparty\imgui\Include\imconfig.h">
      <Filter>ThirdParty\Include</Filter>
    </ClInclude>
    <ClInclude Include="..\thirdparty\imgui\Include\imgui.h">
      <Filter>ThirdParty\Include</Filter>
    </ClInclude>
    <ClInclude Include="..\thirdparty\imgui\Include\imgui_impl_opengl3.h">
      <Filter>ThirdParty\Include</Filter>
    </ClInclude>
    <ClInclude Include="..\thirdparty\imgui\Include\imgui_impl_sdl.h">
      <Filter>ThirdParty\Include</Filter>
    </ClInclude>
    <ClInclude Include="..\thirdparty\imgui\Include\imgui_internal.h">
      <Filter>ThirdParty\Include</Filter>
    </ClInclude>
    <ClInclude Include="..\thirdparty\imgui\Include\imstb_rectpack.h">
      <Filter>ThirdParty\Include</Filter>
    </ClInclude>
    <ClInclude Include="..\thirdparty\imgui\Include\imstb_textedit.h">
      <Filter>ThirdParty\Include</Filter>
    </ClInclude>
    <ClInclude Include="..\thirdparty\imgui\Include\imstb_truetype.h">
      <Filter>ThirdParty\Include</Filter>
    </ClInclude>
    <ClInclude Include="..\thirdparty\imgui\Include\imgui_impl_opengl3_loader.h">
      <Filter>ThirdParty\Include</Filter>
    </ClInclude>
    <ClInclude Include="Include\MsgPad.h">
      <Filter>Include</Filter>
    </ClInclude>
    <ClInclude Include="Include\OpenGL\Common.h">
      <Filter>Include\OpenGL</Filter>
    </ClInclude>
    <ClInclude Include="Include\OpenGL\PixelUploader.h">
      <Filter>Include\OpenGL</Filter>
    </ClInclude>
    <ClInclude Include="Include\GemConsole.h">
      <Filter>Include</Filter>
    </ClInclude>
    <ClInclude Include="Include\Util.h">
      <Filter>Include</Filter>
    </ClInclude>
  </ItemGroup>
  <ItemGroup>
    <None Include="Gem.Cmd.Targets" />
  </ItemGroup>
  <ItemGroup>
    <ResourceCompile Include="gem.cmd.rc" />
  </ItemGroup>
  <ItemGroup>
    <Image Include="hex-gem.ico" />
  </ItemGroup>
</Project>