<?xml version="1.0" encoding="utf-8"?>
<Project ToolsVersion="4.0" xmlns="http://schemas.microsoft.com/developer/msbuild/2003">
  <ItemGroup>
    <Filter Include="Include">
      <UniqueIdentifier>{3482f51b-a464-4cde-b729-7566fc9600ac}</UniqueIdentifier>
    </Filter>
    <Filter Include="Source">
      <UniqueIdentifier>{2e99e4eb-660b-4bff-a83d-ec34e5fc154e}</UniqueIdentifier>
    </Filter>
    <Filter Include="Include\Core">
      <UniqueIdentifier>{8c036427-de76-4905-8f0b-4e3482cdcc71}</UniqueIdentifier>
    </Filter>
    <Filter Include="Source\Core">
      <UniqueIdentifier>{98d7f700-4236-49df-82e5-e0091b74362a}</UniqueIdentifier>
    </Filter>
  </ItemGroup>
  <ItemGroup>
    <ClInclude Include="Include\Core\Gem.h">
      <Filter>Include\Core</Filter>
    </ClInclude>
    <ClInclude Include="Include\Core\Instruction.h">
      <Filter>Include\Core</Filter>
    </ClInclude>
    <ClInclude Include="Include\Core\MMU.h">
      <Filter>Include\Core</Filter>
    </ClInclude>
    <ClInclude Include="Include\Core\Z80.h">
      <Filter>Include\Core</Filter>
    </ClInclude>
    <ClInclude Include="Include\Core\GPU.h">
      <Filter>Include\Core</Filter>
    </ClInclude>
    <ClInclude Include="Include\Core\APU.h">
      <Filter>Include\Core</Filter>
    </ClInclude>
    <ClInclude Include="Include\Core\APURegisters.h">
      <Filter>Include\Core</Filter>
    </ClInclude>
    <ClInclude Include="Include\Core\GemConstants.h">
      <Filter>Include\Core</Filter>
    </ClInclude>
    <ClInclude Include="Include\Core\APUEmitters.h">
      <Filter>Include\Core</Filter>
    </ClInclude>
    <ClInclude Include="Include\Core\GPURegisters.h">
      <Filter>Include\Core</Filter>
    </ClInclude>
    <ClInclude Include="Include\Core\CGBRegisters.h">
      <Filter>Include\Core</Filter>
    </ClInclude>
    <ClInclude Include="Include\Core\CartridgeReader.h">
      <Filter>Include\Core</Filter>
    </ClInclude>
    <ClInclude Include="Include\Core\InterruptController.h">
      <Filter>Include\Core</Filter>
    </ClInclude>
    <ClInclude Include="Include\Core\Joypad.h">
      <Filter>Include\Core</Filter>
    </ClInclude>
    <ClInclude Include="Include\Core\MBC.h">
      <Filter>Include\Core</Filter>
    </ClInclude>
    <ClInclude Include="Include\Core\Serial.h">
      <Filter>Include\Core</Filter>
    </ClInclude>
    <ClInclude Include="Include\Core\Timers.h">
      <Filter>Include\Core</Filter>
    </ClInclude>
    <ClInclude Include="Include\DArray.h">
      <Filter>Include</Filter>
    </ClInclude>
    <ClInclude Include="Include\Disassembler.h">
      <Filter>Include</Filter>
    </ClInclude>
    <ClInclude Include="Include\IDrawTarget.h">
      <Filter>Include</Filter>
    </ClInclude>
    <ClInclude Include="Include\IMappedComponent.h">
      <Filter>Include</Filter>
    </ClInclude>
    <ClInclude Include="Include\Logging.h">
      <Filter>Include</Filter>
    </ClInclude>
    <ClInclude Include="Include\Colour.h">
      <Filter>Include</Filter>
    </ClInclude>
    <ClInclude Include="Include\IAudioQueue.h">
      <Filter>Include</Filter>
    </ClInclude>
    <ClInclude Include="Include\Util.h">
      <Filter>Include</Filter>
    </ClInclude>
  </ItemGroup>
  <ItemGroup>
    <ClCompile Include="Source\Core\Gem.cpp">
      <Filter>Source\Core</Filter>
    </ClCompile>
    <ClCompile Include="Source\Core\MMU.cpp">
      <Filter>Source\Core</Filter>
    </ClCompile>
    <ClCompile Include="Source\Core\Z80.cpp">
      <Filter>Source\Core</Filter>
    </ClCompile>
    <ClCompile Include="Source\Core\GPU.cpp">
      <Filter>Source\Core</Filter>
    </ClCompile>
    <ClCompile Include="Source\Core\APU.cpp">
      <Filter>Source\Core</Filter>
    </ClCompile>
    <ClCompile Include="Source\Core\APURegisters.cpp">
      <Filter>Source\Core</Filter>
    </ClCompile>
    <ClCompile Include="Source\Core\APUEmitters.cpp">
      <Filter>Source\Core</Filter>
    </ClCompile>
    <ClCompile Include="Source\Core\GPURegisters.cpp">
      <Filter>Source\Core</Filter>
    </ClCompile>
    <ClCompile Include="Source\Core\CGBRegisters.cpp">
      <Filter>Source\Core</Filter>
    </ClCompile>
    <ClCompile Include="Source\Core\CartridgeReader.cpp">
      <Filter>Source\Core</Filter>
    </ClCompile>
    <ClCompile Include="Source\Core\InterruptController.cpp">
      <Filter>Source\Core</Filter>
    </ClCompile>
    <ClCompile Include="Source\Core\Joypad.cpp">
      <Filter>Source\Core</Filter>
    </ClCompile>
    <ClCompile Include="Source\Core\MBC.cpp">
      <Filter>Source\Core</Filter>
    </ClCompile>
    <ClCompile Include="Source\Core\Serial.cpp">
      <Filter>Source\Core</Filter>
    </ClCompile>
    <ClCompile Include="Source\Core\Timers.cpp">
      <Filter>Source\Core</Filter>
    </ClCompile>
    <ClCompile Include="Source\Disassembler.cpp">
      <Filter>Source</Filter>
    </ClCompile>
    <ClCompile Include="Source\Logging.cpp">
      <Filter>Source</Filter>
    </ClCompile>
    <ClCompile Include="Source\Colour.cpp">
      <Filter>Source</Filter>
    </ClCompile>
    <ClCompile Include="Source\Core\Instruction.cpp">
      <Filter>Source\Core</Filter>
    </ClCompile>
    <ClCompile Include="Source\Util.cpp">
      <Filter>Source</Filter>
    </ClCompile>
  </ItemGroup>
  <ItemGroup>
    <None Include="Include\OpcodeTable.inl">
      <Filter>Include</Filter>
    </None>
  </ItemGroup>
</Project>